
Microsoft Visual Studio Solution File, Format Version 12.00
# Visual Studio Version 16
VisualStudioVersion = 16.0.29326.143
MinimumVisualStudioVersion = 10.0.40219.1
Project("{FAE04EC0-301F-11D3-BF4B-00C04F79EFBC}") = "PricingMicroservice", "PricingMicroservice.csproj", "{EF0B2EBA-6BBC-458E-8E94-79E14329D05B}"
EndProject
Global
	GlobalSection(SolutionConfigurationPlatforms) = preSolution
		Debug|Any CPU = Debug|Any CPU
		Release|Any CPU = Release|Any CPU
	EndGlobalSection
	GlobalSection(ProjectConfigurationPlatforms) = postSolution
		{EF0B2EBA-6BBC-458E-8E94-79E14329D05B}.Debug|Any CPU.ActiveCfg = Debug|Any CPU
		{EF0B2EBA-6BBC-458E-8E94-79E14329D05B}.Debug|Any CPU.Build.0 = Debug|Any CPU
		{EF0B2EBA-6BBC-458E-8E94-79E14329D05B}.Release|Any CPU.ActiveCfg = Release|Any CPU
		{EF0B2EBA-6BBC-458E-8E94-79E14329D05B}.Release|Any CPU.Build.0 = Release|Any CPU
	EndGlobalSection
	GlobalSection(SolutionProperties) = preSolution
		HideSolutionNode = FALSE
	EndGlobalSection
	GlobalSection(ExtensibilityGlobals) = postSolution
		SolutionGuid = {D9C0DEEC-A795-4ABF-B77C-4B06EA9715AC}
	EndGlobalSection
EndGlobal
